
Microsoft Visual Studio Solution File, Format Version 12.00
# Visual Studio Version 17
VisualStudioVersion = 17.5.33530.505
MinimumVisualStudioVersion = 10.0.40219.1
Project("{FAE04EC0-301F-11D3-BF4B-00C04F79EFBC}") = "ADO", "ADO\ADO.csproj", "{598A10B8-7BBD-4106-99B3-EA1D59B84379}"
EndProject
Global
	GlobalSection(SolutionConfigurationPlatforms) = preSolution
		Debug|Any CPU = Debug|Any CPU
		Release|Any CPU = Release|Any CPU
	EndGlobalSection
	GlobalSection(ProjectConfigurationPlatforms) = postSolution
		{598A10B8-7BBD-4106-99B3-EA1D59B84379}.Debug|Any CPU.ActiveCfg = Debug|Any CPU
		{598A10B8-7BBD-4106-99B3-EA1D59B84379}.Debug|Any CPU.Build.0 = Debug|Any CPU
		{598A10B8-7BBD-4106-99B3-EA1D59B84379}.Release|Any CPU.ActiveCfg = Release|Any CPU
		{598A10B8-7BBD-4106-99B3-EA1D59B84379}.Release|Any CPU.Build.0 = Release|Any CPU
	EndGlobalSection
	GlobalSection(SolutionProperties) = preSolution
		HideSolutionNode = FALSE
	EndGlobalSection
	GlobalSection(ExtensibilityGlobals) = postSolution
		SolutionGuid = {22D575C9-2539-43BF-A61C-52A1B2449D71}
	EndGlobalSection
EndGlobal
