
Microsoft Visual Studio Solution File, Format Version 12.00
# Visual Studio Version 17
VisualStudioVersion = 17.5.33530.505
MinimumVisualStudioVersion = 10.0.40219.1
Project("{FAE04EC0-301F-11D3-BF4B-00C04F79EFBC}") = "MovieAPI", "MovieAPI\MovieAPI.csproj", "{6F6E4E31-D3F8-4A43-B9EE-EE933BD43298}"
EndProject
Global
	GlobalSection(SolutionConfigurationPlatforms) = preSolution
		Debug|Any CPU = Debug|Any CPU
		Release|Any CPU = Release|Any CPU
	EndGlobalSection
	GlobalSection(ProjectConfigurationPlatforms) = postSolution
		{6F6E4E31-D3F8-4A43-B9EE-EE933BD43298}.Debug|Any CPU.ActiveCfg = Debug|Any CPU
		{6F6E4E31-D3F8-4A43-B9EE-EE933BD43298}.Debug|Any CPU.Build.0 = Debug|Any CPU
		{6F6E4E31-D3F8-4A43-B9EE-EE933BD43298}.Release|Any CPU.ActiveCfg = Release|Any CPU
		{6F6E4E31-D3F8-4A43-B9EE-EE933BD43298}.Release|Any CPU.Build.0 = Release|Any CPU
	EndGlobalSection
	GlobalSection(SolutionProperties) = preSolution
		HideSolutionNode = FALSE
	EndGlobalSection
	GlobalSection(ExtensibilityGlobals) = postSolution
		SolutionGuid = {0E223483-5E45-4205-A4EC-31B121B08554}
	EndGlobalSection
EndGlobal
