
Microsoft Visual Studio Solution File, Format Version 12.00
# Visual Studio Version 17
VisualStudioVersion = 17.4.33213.308
MinimumVisualStudioVersion = 10.0.40219.1
Project("{FAE04EC0-301F-11D3-BF4B-00C04F79EFBC}") = "FoodPortal", "FoodPortal\FoodPortal.csproj", "{37FFCDFB-94B0-48B4-BE07-D5F1799AA62A}"
EndProject
Global
	GlobalSection(SolutionConfigurationPlatforms) = preSolution
		Debug|Any CPU = Debug|Any CPU
		Release|Any CPU = Release|Any CPU
	EndGlobalSection
	GlobalSection(ProjectConfigurationPlatforms) = postSolution
		{37FFCDFB-94B0-48B4-BE07-D5F1799AA62A}.Debug|Any CPU.ActiveCfg = Debug|Any CPU
		{37FFCDFB-94B0-48B4-BE07-D5F1799AA62A}.Debug|Any CPU.Build.0 = Debug|Any CPU
		{37FFCDFB-94B0-48B4-BE07-D5F1799AA62A}.Release|Any CPU.ActiveCfg = Release|Any CPU
		{37FFCDFB-94B0-48B4-BE07-D5F1799AA62A}.Release|Any CPU.Build.0 = Release|Any CPU
	EndGlobalSection
	GlobalSection(SolutionProperties) = preSolution
		HideSolutionNode = FALSE
	EndGlobalSection
	GlobalSection(ExtensibilityGlobals) = postSolution
		SolutionGuid = {E4025C4C-27AD-427C-9BC1-E13C39027377}
	EndGlobalSection
EndGlobal
